{
  "version": 4,
  "terraform_version": "1.12.2",
  "serial": 20,
  "lineage": "4fd8f1a7-8b6e-7c30-7f85-af14a8352c94",
  "outputs": {
    "key_vault_uri": {
      "value": "https://kv-genomics1234.vault.azure.net/",
      "type": "string"
    },
    "resource_group_name": {
      "value": "rg-research",
      "type": "string"
    },
    "storage_account_name": {
      "value": "stggenomics1234",
      "type": "string"
    },
    "vnet_name": {
      "value": "vnet-research",
      "type": "string"
    }
  },
  "resources": [
    {
      "mode": "data",
      "type": "azurerm_client_config",
      "name": "current",
      "provider": "provider[\"registry.terraform.io/hashicorp/azurerm\"]",
      "instances": [
        {
          "schema_version": 0,
          "attributes": {
            "client_id": "04b07795-8ddb-461a-bbee-02f9e1bf7b46",
            "id": "Y2xpZW50Q29uZmlncy9jbGllbnRJZD0wNGIwNzc5NS04ZGRiLTQ2MWEtYmJlZS0wMmY5ZTFiZjdiNDY7b2JqZWN0SWQ9ZGZiOWI4MGItYmYzZC00YWY4LTk1NTgtMzc2MzUwZTdjYWM4O3N1YnNjcmlwdGlvbklkPTViOWE1NWZhLTU2ZTAtNDg0Ny04MjYwLTM5ZWFhNGZmNDljYTt0ZW5hbnRJZD0yZTQ5M2FhNS0wMmYxLTRkZjgtOGIwMy00YmNhM2Y4ZDAxZTI=",
            "object_id": "dfb9b80b-bf3d-4af8-9558-376350e7cac8",
            "subscription_id": "5b9a55fa-56e0-4847-8260-39eaa4ff49ca",
            "tenant_id": "2e493aa5-02f1-4df8-8b03-4bca3f8d01e2",
            "timeouts": null
          },
          "sensitive_attributes": [],
          "identity_schema_version": 0
        }
      ]
    },
    {
      "mode": "managed",
      "type": "azurerm_key_vault",
      "name": "kv",
      "provider": "provider[\"registry.terraform.io/hashicorp/azurerm\"]",
      "instances": [
        {
          "schema_version": 2,
          "attributes": {
            "access_policy": [
              {
                "application_id": "",
                "certificate_permissions": [],
                "key_permissions": [
                  "Create",
                  "Get",
                  "List",
                  "Update"
                ],
                "object_id": "dfb9b80b-bf3d-4af8-9558-376350e7cac8",
                "secret_permissions": [
                  "Get",
                  "Set",
                  "List"
                ],
                "storage_permissions": [],
                "tenant_id": "2e493aa5-02f1-4df8-8b03-4bca3f8d01e2"
              }
            ],
            "contact": [],
            "enable_rbac_authorization": false,
            "enabled_for_deployment": false,
            "enabled_for_disk_encryption": false,
            "enabled_for_template_deployment": false,
            "id": "/subscriptions/5b9a55fa-56e0-4847-8260-39eaa4ff49ca/resourceGroups/rg-research/providers/Microsoft.KeyVault/vaults/kv-genomics1234",
            "location": "eastus",
            "name": "kv-genomics1234",
            "network_acls": [
              {
                "bypass": "AzureServices",
                "default_action": "Allow",
                "ip_rules": [],
                "virtual_network_subnet_ids": []
              }
            ],
            "public_network_access_enabled": true,
            "purge_protection_enabled": true,
            "resource_group_name": "rg-research",
            "sku_name": "standard",
            "soft_delete_retention_days": 7,
            "tags": {
              "environment": "dev",
              "owner": "your-name"
            },
            "tenant_id": "2e493aa5-02f1-4df8-8b03-4bca3f8d01e2",
            "timeouts": null,
            "vault_uri": "https://kv-genomics1234.vault.azure.net/"
          },
          "sensitive_attributes": [],
          "identity_schema_version": 0,
          "private": "eyJlMmJmYjczMC1lY2FhLTExZTYtOGY4OC0zNDM2M2JjN2M0YzAiOnsiY3JlYXRlIjoxODAwMDAwMDAwMDAwLCJkZWxldGUiOjE4MDAwMDAwMDAwMDAsInJlYWQiOjMwMDAwMDAwMDAwMCwidXBkYXRlIjoxODAwMDAwMDAwMDAwfSwic2NoZW1hX3ZlcnNpb24iOiIyIn0=",
          "dependencies": [
            "azurerm_resource_group.rg",
            "data.azurerm_client_config.current"
          ]
        }
      ]
    },
    {
      "mode": "managed",
      "type": "azurerm_key_vault_access_policy",
      "name": "user",
      "provider": "provider[\"registry.terraform.io/hashicorp/azurerm\"]",
      "instances": [
        {
          "schema_version": 0,
          "attributes": {
            "application_id": "",
            "certificate_permissions": [],
            "id": "/subscriptions/5b9a55fa-56e0-4847-8260-39eaa4ff49ca/resourceGroups/rg-research/providers/Microsoft.KeyVault/vaults/kv-genomics1234/objectId/dfb9b80b-bf3d-4af8-9558-376350e7cac8",
            "key_permissions": [
              "Create",
              "Get",
              "List",
              "Update"
            ],
            "key_vault_id": "/subscriptions/5b9a55fa-56e0-4847-8260-39eaa4ff49ca/resourceGroups/rg-research/providers/Microsoft.KeyVault/vaults/kv-genomics1234",
            "object_id": "dfb9b80b-bf3d-4af8-9558-376350e7cac8",
            "secret_permissions": [
              "Get",
              "Set",
              "List"
            ],
            "storage_permissions": [],
            "tenant_id": "2e493aa5-02f1-4df8-8b03-4bca3f8d01e2",
            "timeouts": null
          },
          "sensitive_attributes": [],
          "identity_schema_version": 0,
          "private": "eyJlMmJmYjczMC1lY2FhLTExZTYtOGY4OC0zNDM2M2JjN2M0YzAiOnsiY3JlYXRlIjoxODAwMDAwMDAwMDAwLCJkZWxldGUiOjE4MDAwMDAwMDAwMDAsInJlYWQiOjMwMDAwMDAwMDAwMCwidXBkYXRlIjoxODAwMDAwMDAwMDAwfX0=",
          "dependencies": [
            "azurerm_key_vault.kv",
            "azurerm_resource_group.rg",
            "data.azurerm_client_config.current"
          ]
        }
      ]
    },
    {
      "mode": "managed",
      "type": "azurerm_log_analytics_workspace",
      "name": "law",
      "provider": "provider[\"registry.terraform.io/hashicorp/azurerm\"]",
      "instances": [
        {
          "schema_version": 3,
          "attributes": {
            "allow_resource_only_permissions": true,
            "cmk_for_query_forced": false,
            "daily_quota_gb": -1,
            "data_collection_rule_id": "",
            "id": "/subscriptions/5b9a55fa-56e0-4847-8260-39eaa4ff49ca/resourceGroups/rg-research/providers/Microsoft.OperationalInsights/workspaces/law-research",
            "identity": [],
            "immediate_data_purge_on_30_days_enabled": false,
            "internet_ingestion_enabled": true,
            "internet_query_enabled": true,
            "local_authentication_disabled": false,
            "location": "eastus",
            "name": "law-research",
            "primary_shared_key": "SiTRqIHM+D9hyO59TBdAOzdRm1AP2q0r4MMUbi/3agCq2McZpImITdMY7vD/iklaAbZnOKu3zIqI4NbgEhtOOg==",
            "reservation_capacity_in_gb_per_day": null,
            "resource_group_name": "rg-research",
            "retention_in_days": 30,
            "secondary_shared_key": "yjBgTGQAXMf59e0Ov0W0AmG1BbquCou9+3GphaxCLZ63KPLVps7WclA0u6TqiD7ibL2zBjY8hVaaKCPzDsrhmw==",
            "sku": "PerGB2018",
            "tags": {},
            "timeouts": null,
            "workspace_id": "a665c578-0e88-4977-b564-8c3bd8d60a9a"
          },
          "sensitive_attributes": [
            [
              {
                "type": "get_attr",
                "value": "primary_shared_key"
              }
            ],
            [
              {
                "type": "get_attr",
                "value": "secondary_shared_key"
              }
            ]
          ],
          "identity_schema_version": 0,
          "private": "eyJlMmJmYjczMC1lY2FhLTExZTYtOGY4OC0zNDM2M2JjN2M0YzAiOnsiY3JlYXRlIjoxODAwMDAwMDAwMDAwLCJkZWxldGUiOjE4MDAwMDAwMDAwMDAsInJlYWQiOjMwMDAwMDAwMDAwMCwidXBkYXRlIjoxODAwMDAwMDAwMDAwfSwic2NoZW1hX3ZlcnNpb24iOiIzIn0=",
          "dependencies": [
            "azurerm_resource_group.rg"
          ]
        }
      ]
    },
    {
      "mode": "managed",
      "type": "azurerm_monitor_diagnostic_setting",
      "name": "storage_diag",
      "provider": "provider[\"registry.terraform.io/hashicorp/azurerm\"]",
      "instances": [
        {
          "schema_version": 0,
          "attributes": {
            "enabled_log": [],
            "eventhub_authorization_rule_id": "",
            "eventhub_name": "",
            "id": "/subscriptions/5b9a55fa-56e0-4847-8260-39eaa4ff49ca/resourceGroups/rg-research/providers/Microsoft.Storage/storageAccounts/stggenomics1234|diag-storage",
            "log": [],
            "log_analytics_destination_type": "",
            "log_analytics_workspace_id": "/subscriptions/5b9a55fa-56e0-4847-8260-39eaa4ff49ca/resourceGroups/rg-research/providers/Microsoft.OperationalInsights/workspaces/law-research",
            "metric": [
              {
                "category": "Transaction",
                "enabled": true,
                "retention_policy": []
              }
            ],
            "name": "diag-storage",
            "partner_solution_id": null,
            "storage_account_id": null,
            "target_resource_id": "/subscriptions/5b9a55fa-56e0-4847-8260-39eaa4ff49ca/resourceGroups/rg-research/providers/Microsoft.Storage/storageAccounts/stggenomics1234",
            "timeouts": null
          },
          "sensitive_attributes": [],
          "identity_schema_version": 0,
          "private": "eyJlMmJmYjczMC1lY2FhLTExZTYtOGY4OC0zNDM2M2JjN2M0YzAiOnsiY3JlYXRlIjoxODAwMDAwMDAwMDAwLCJkZWxldGUiOjM2MDAwMDAwMDAwMDAsInJlYWQiOjMwMDAwMDAwMDAwMCwidXBkYXRlIjoxODAwMDAwMDAwMDAwfX0=",
          "dependencies": [
            "azurerm_log_analytics_workspace.law",
            "azurerm_resource_group.rg",
            "azurerm_storage_account.stg"
          ]
        }
      ]
    },
    {
      "mode": "managed",
      "type": "azurerm_network_security_group",
      "name": "nsg_backend",
      "provider": "provider[\"registry.terraform.io/hashicorp/azurerm\"]",
      "instances": [
        {
          "schema_version": 0,
          "attributes": {
            "id": "/subscriptions/5b9a55fa-56e0-4847-8260-39eaa4ff49ca/resourceGroups/rg-research/providers/Microsoft.Network/networkSecurityGroups/nsg-backend",
            "location": "eastus",
            "name": "nsg-backend",
            "resource_group_name": "rg-research",
            "security_rule": [
              {
                "access": "Allow",
                "description": "",
                "destination_address_prefix": "AzureMonitor",
                "destination_address_prefixes": [],
                "destination_application_security_group_ids": [],
                "destination_port_range": "*",
                "destination_port_ranges": [],
                "direction": "Outbound",
                "name": "Allow-LogAnalytics",
                "priority": 200,
                "protocol": "*",
                "source_address_prefix": "*",
                "source_address_prefixes": [],
                "source_application_security_group_ids": [],
                "source_port_range": "*",
                "source_port_ranges": []
              },
              {
                "access": "Deny",
                "description": "",
                "destination_address_prefix": "Internet",
                "destination_address_prefixes": [],
                "destination_application_security_group_ids": [],
                "destination_port_range": "*",
                "destination_port_ranges": [],
                "direction": "Outbound",
                "name": "Deny-Internet-All",
                "priority": 100,
                "protocol": "*",
                "source_address_prefix": "*",
                "source_address_prefixes": [],
                "source_application_security_group_ids": [],
                "source_port_range": "*",
                "source_port_ranges": []
              }
            ],
            "tags": {},
            "timeouts": null
          },
          "sensitive_attributes": [],
          "identity_schema_version": 0,
          "private": "eyJlMmJmYjczMC1lY2FhLTExZTYtOGY4OC0zNDM2M2JjN2M0YzAiOnsiY3JlYXRlIjoxODAwMDAwMDAwMDAwLCJkZWxldGUiOjE4MDAwMDAwMDAwMDAsInJlYWQiOjMwMDAwMDAwMDAwMCwidXBkYXRlIjoxODAwMDAwMDAwMDAwfX0=",
          "dependencies": [
            "azurerm_resource_group.rg"
          ]
        }
      ]
    },
    {
      "mode": "managed",
      "type": "azurerm_private_dns_zone",
      "name": "storage",
      "provider": "provider[\"registry.terraform.io/hashicorp/azurerm\"]",
      "instances": [
        {
          "schema_version": 0,
          "attributes": {
            "id": "/subscriptions/5b9a55fa-56e0-4847-8260-39eaa4ff49ca/resourceGroups/rg-research/providers/Microsoft.Network/privateDnsZones/privatelink.blob.core.windows.net",
            "max_number_of_record_sets": 25000,
            "max_number_of_virtual_network_links": 1000,
            "max_number_of_virtual_network_links_with_registration": 100,
            "name": "privatelink.blob.core.windows.net",
            "number_of_record_sets": 1,
            "resource_group_name": "rg-research",
            "soa_record": [
              {
                "email": "azureprivatedns-host.microsoft.com",
                "expire_time": 2419200,
                "fqdn": "privatelink.blob.core.windows.net.",
                "host_name": "azureprivatedns.net",
                "minimum_ttl": 10,
                "refresh_time": 3600,
                "retry_time": 300,
                "serial_number": 1,
                "tags": {},
                "ttl": 3600
              }
            ],
            "tags": {},
            "timeouts": null
          },
          "sensitive_attributes": [],
          "identity_schema_version": 0,
          "private": "eyJlMmJmYjczMC1lY2FhLTExZTYtOGY4OC0zNDM2M2JjN2M0YzAiOnsiY3JlYXRlIjoxODAwMDAwMDAwMDAwLCJkZWxldGUiOjE4MDAwMDAwMDAwMDAsInJlYWQiOjMwMDAwMDAwMDAwMCwidXBkYXRlIjoxODAwMDAwMDAwMDAwfX0=",
          "dependencies": [
            "azurerm_resource_group.rg"
          ]
        }
      ]
    },
    {
      "mode": "managed",
      "type": "azurerm_private_dns_zone_virtual_network_link",
      "name": "storage_link",
      "provider": "provider[\"registry.terraform.io/hashicorp/azurerm\"]",
      "instances": [
        {
          "schema_version": 0,
          "attributes": {
            "id": "/subscriptions/5b9a55fa-56e0-4847-8260-39eaa4ff49ca/resourceGroups/rg-research/providers/Microsoft.Network/privateDnsZones/privatelink.blob.core.windows.net/virtualNetworkLinks/storage-dns-link",
            "name": "storage-dns-link",
            "private_dns_zone_name": "privatelink.blob.core.windows.net",
            "registration_enabled": false,
            "resource_group_name": "rg-research",
            "tags": {},
            "timeouts": null,
            "virtual_network_id": "/subscriptions/5b9a55fa-56e0-4847-8260-39eaa4ff49ca/resourceGroups/rg-research/providers/Microsoft.Network/virtualNetworks/vnet-research"
          },
          "sensitive_attributes": [],
          "identity_schema_version": 0,
          "private": "eyJlMmJmYjczMC1lY2FhLTExZTYtOGY4OC0zNDM2M2JjN2M0YzAiOnsiY3JlYXRlIjoxODAwMDAwMDAwMDAwLCJkZWxldGUiOjE4MDAwMDAwMDAwMDAsInJlYWQiOjMwMDAwMDAwMDAwMCwidXBkYXRlIjoxODAwMDAwMDAwMDAwfX0=",
          "dependencies": [
            "azurerm_private_dns_zone.storage",
            "azurerm_resource_group.rg",
            "azurerm_virtual_network.vnet"
          ]
        }
      ]
    },
    {
      "mode": "managed",
      "type": "azurerm_private_endpoint",
      "name": "storage_pe",
      "provider": "provider[\"registry.terraform.io/hashicorp/azurerm\"]",
      "instances": [
        {
          "schema_version": 0,
          "attributes": {
            "custom_dns_configs": [
              {
                "fqdn": "stggenomics1234.blob.core.windows.net",
                "ip_addresses": [
                  "10.10.1.4"
                ]
              }
            ],
            "custom_network_interface_name": "",
            "id": "/subscriptions/5b9a55fa-56e0-4847-8260-39eaa4ff49ca/resourceGroups/rg-research/providers/Microsoft.Network/privateEndpoints/pe-storage",
            "ip_configuration": [],
            "location": "eastus",
            "name": "pe-storage",
            "network_interface": [
              {
                "id": "/subscriptions/5b9a55fa-56e0-4847-8260-39eaa4ff49ca/resourceGroups/rg-research/providers/Microsoft.Network/networkInterfaces/pe-storage.nic.d740092c-681a-4d79-abca-7ca08451c32b",
                "name": "pe-storage.nic.d740092c-681a-4d79-abca-7ca08451c32b"
              }
            ],
            "private_dns_zone_configs": [],
            "private_dns_zone_group": [],
            "private_service_connection": [
              {
                "is_manual_connection": false,
                "name": "storageConnection",
                "private_connection_resource_alias": "",
                "private_connection_resource_id": "/subscriptions/5b9a55fa-56e0-4847-8260-39eaa4ff49ca/resourceGroups/rg-research/providers/Microsoft.Storage/storageAccounts/stggenomics1234",
                "private_ip_address": "10.10.1.4",
                "request_message": "",
                "subresource_names": [
                  "blob"
                ]
              }
            ],
            "resource_group_name": "rg-research",
            "subnet_id": "/subscriptions/5b9a55fa-56e0-4847-8260-39eaa4ff49ca/resourceGroups/rg-research/providers/Microsoft.Network/virtualNetworks/vnet-research/subnets/sn-backend",
            "tags": {},
            "timeouts": null
          },
          "sensitive_attributes": [],
          "identity_schema_version": 0,
          "private": "eyJlMmJmYjczMC1lY2FhLTExZTYtOGY4OC0zNDM2M2JjN2M0YzAiOnsiY3JlYXRlIjozNjAwMDAwMDAwMDAwLCJkZWxldGUiOjM2MDAwMDAwMDAwMDAsInJlYWQiOjMwMDAwMDAwMDAwMCwidXBkYXRlIjozNjAwMDAwMDAwMDAwfX0=",
          "dependencies": [
            "azurerm_resource_group.rg",
            "azurerm_storage_account.stg",
            "azurerm_subnet.backend",
            "azurerm_virtual_network.vnet"
          ]
        }
      ]
    },
    {
      "mode": "managed",
      "type": "azurerm_resource_group",
      "name": "rg",
      "provider": "provider[\"registry.terraform.io/hashicorp/azurerm\"]",
      "instances": [
        {
          "schema_version": 0,
          "attributes": {
            "id": "/subscriptions/5b9a55fa-56e0-4847-8260-39eaa4ff49ca/resourceGroups/rg-research",
            "location": "eastus",
            "managed_by": "",
            "name": "rg-research",
            "tags": {
              "environment": "dev",
              "owner": "Aravind"
            },
            "timeouts": null
          },
          "sensitive_attributes": [],
          "identity_schema_version": 0,
          "private": "eyJlMmJmYjczMC1lY2FhLTExZTYtOGY4OC0zNDM2M2JjN2M0YzAiOnsiY3JlYXRlIjo1NDAwMDAwMDAwMDAwLCJkZWxldGUiOjU0MDAwMDAwMDAwMDAsInJlYWQiOjMwMDAwMDAwMDAwMCwidXBkYXRlIjo1NDAwMDAwMDAwMDAwfX0="
        }
      ]
    },
    {
      "mode": "managed",
      "type": "azurerm_storage_account",
      "name": "stg",
      "provider": "provider[\"registry.terraform.io/hashicorp/azurerm\"]",
      "instances": [
        {
          "schema_version": 4,
          "attributes": {
            "access_tier": "Hot",
            "account_kind": "StorageV2",
            "account_replication_type": "LRS",
            "account_tier": "Standard",
            "allow_nested_items_to_be_public": false,
            "allowed_copy_scope": "",
            "azure_files_authentication": [],
            "blob_properties": [
              {
                "change_feed_enabled": false,
                "change_feed_retention_in_days": 0,
                "container_delete_retention_policy": [],
                "cors_rule": [],
                "default_service_version": "",
                "delete_retention_policy": [
                  {
                    "days": 7
                  }
                ],
                "last_access_time_enabled": false,
                "restore_policy": [],
                "versioning_enabled": false
              }
            ],
            "cross_tenant_replication_enabled": true,
            "custom_domain": [],
            "customer_managed_key": [],
            "default_to_oauth_authentication": false,
            "edge_zone": "",
            "enable_https_traffic_only": true,
            "id": "/subscriptions/5b9a55fa-56e0-4847-8260-39eaa4ff49ca/resourceGroups/rg-research/providers/Microsoft.Storage/storageAccounts/stggenomics1234",
            "identity": [
              {
                "identity_ids": [],
                "principal_id": "7f132586-7204-486d-93af-fe5ec9ad56f2",
                "tenant_id": "2e493aa5-02f1-4df8-8b03-4bca3f8d01e2",
                "type": "SystemAssigned"
              }
            ],
            "immutability_policy": [],
            "infrastructure_encryption_enabled": false,
            "is_hns_enabled": false,
            "large_file_share_enabled": null,
            "location": "eastus",
            "min_tls_version": "TLS1_2",
            "name": "stggenomics1234",
            "network_rules": [
              {
                "bypass": [
                  "AzureServices"
                ],
                "default_action": "Allow",
                "ip_rules": [],
                "private_link_access": [],
                "virtual_network_subnet_ids": []
              }
            ],
            "nfsv3_enabled": false,
            "primary_access_key": "xuik1n/hxc3EBIBbVgZDvkDLE0micJq7ZdhwDSxnO7oZUmLaCR/IOuE4vOJ/KBMq3L4TLlbxABRg+ASt8G6Sew==",
            "primary_blob_connection_string": "DefaultEndpointsProtocol=https;BlobEndpoint=https://stggenomics1234.blob.core.windows.net/;AccountName=stggenomics1234;AccountKey=xuik1n/hxc3EBIBbVgZDvkDLE0micJq7ZdhwDSxnO7oZUmLaCR/IOuE4vOJ/KBMq3L4TLlbxABRg+ASt8G6Sew==",
            "primary_blob_endpoint": "https://stggenomics1234.blob.core.windows.net/",
            "primary_blob_host": "stggenomics1234.blob.core.windows.net",
            "primary_blob_internet_endpoint": null,
            "primary_blob_internet_host": null,
            "primary_blob_microsoft_endpoint": null,
            "primary_blob_microsoft_host": null,
            "primary_connection_string": "DefaultEndpointsProtocol=https;AccountName=stggenomics1234;AccountKey=xuik1n/hxc3EBIBbVgZDvkDLE0micJq7ZdhwDSxnO7oZUmLaCR/IOuE4vOJ/KBMq3L4TLlbxABRg+ASt8G6Sew==;EndpointSuffix=core.windows.net",
            "primary_dfs_endpoint": "https://stggenomics1234.dfs.core.windows.net/",
            "primary_dfs_host": "stggenomics1234.dfs.core.windows.net",
            "primary_dfs_internet_endpoint": null,
            "primary_dfs_internet_host": null,
            "primary_dfs_microsoft_endpoint": null,
            "primary_dfs_microsoft_host": null,
            "primary_file_endpoint": "https://stggenomics1234.file.core.windows.net/",
            "primary_file_host": "stggenomics1234.file.core.windows.net",
            "primary_file_internet_endpoint": null,
            "primary_file_internet_host": null,
            "primary_file_microsoft_endpoint": null,
            "primary_file_microsoft_host": null,
            "primary_location": "eastus",
            "primary_queue_endpoint": "https://stggenomics1234.queue.core.windows.net/",
            "primary_queue_host": "stggenomics1234.queue.core.windows.net",
            "primary_queue_microsoft_endpoint": null,
            "primary_queue_microsoft_host": null,
            "primary_table_endpoint": "https://stggenomics1234.table.core.windows.net/",
            "primary_table_host": "stggenomics1234.table.core.windows.net",
            "primary_table_microsoft_endpoint": null,
            "primary_table_microsoft_host": null,
            "primary_web_endpoint": "https://stggenomics1234.z13.web.core.windows.net/",
            "primary_web_host": "stggenomics1234.z13.web.core.windows.net",
            "primary_web_internet_endpoint": null,
            "primary_web_internet_host": null,
            "primary_web_microsoft_endpoint": null,
            "primary_web_microsoft_host": null,
            "public_network_access_enabled": true,
            "queue_encryption_key_type": "Service",
            "queue_properties": [
              {
                "cors_rule": [],
                "hour_metrics": [
                  {
                    "enabled": false,
                    "include_apis": false,
                    "retention_policy_days": 0,
                    "version": "1.0"
                  }
                ],
                "logging": [
                  {
                    "delete": false,
                    "read": false,
                    "retention_policy_days": 0,
                    "version": "1.0",
                    "write": false
                  }
                ],
                "minute_metrics": [
                  {
                    "enabled": false,
                    "include_apis": false,
                    "retention_policy_days": 0,
                    "version": "1.0"
                  }
                ]
              }
            ],
            "resource_group_name": "rg-research",
            "routing": [],
            "sas_policy": [],
            "secondary_access_key": "BCjB8tJuHSKeD+z5kPegsVbSMGtqXxpbiiA4FHGCW/DR6yKLtissR1nvcn69QCAFW8LDxT6rIcfa+AStKeVxEw==",
            "secondary_blob_connection_string": "",
            "secondary_blob_endpoint": null,
            "secondary_blob_host": null,
            "secondary_blob_internet_endpoint": null,
            "secondary_blob_internet_host": null,
            "secondary_blob_microsoft_endpoint": null,
            "secondary_blob_microsoft_host": null,
            "secondary_connection_string": "DefaultEndpointsProtocol=https;AccountName=stggenomics1234;AccountKey=BCjB8tJuHSKeD+z5kPegsVbSMGtqXxpbiiA4FHGCW/DR6yKLtissR1nvcn69QCAFW8LDxT6rIcfa+AStKeVxEw==;EndpointSuffix=core.windows.net",
            "secondary_dfs_endpoint": null,
            "secondary_dfs_host": null,
            "secondary_dfs_internet_endpoint": null,
            "secondary_dfs_internet_host": null,
            "secondary_dfs_microsoft_endpoint": null,
            "secondary_dfs_microsoft_host": null,
            "secondary_file_endpoint": null,
            "secondary_file_host": null,
            "secondary_file_internet_endpoint": null,
            "secondary_file_internet_host": null,
            "secondary_file_microsoft_endpoint": null,
            "secondary_file_microsoft_host": null,
            "secondary_location": "",
            "secondary_queue_endpoint": null,
            "secondary_queue_host": null,
            "secondary_queue_microsoft_endpoint": null,
            "secondary_queue_microsoft_host": null,
            "secondary_table_endpoint": null,
            "secondary_table_host": null,
            "secondary_table_microsoft_endpoint": null,
            "secondary_table_microsoft_host": null,
            "secondary_web_endpoint": null,
            "secondary_web_host": null,
            "secondary_web_internet_endpoint": null,
            "secondary_web_internet_host": null,
            "secondary_web_microsoft_endpoint": null,
            "secondary_web_microsoft_host": null,
            "sftp_enabled": false,
            "share_properties": [
              {
                "cors_rule": [],
                "retention_policy": [
                  {
                    "days": 7
                  }
                ],
                "smb": []
              }
            ],
            "shared_access_key_enabled": true,
            "static_website": [],
            "table_encryption_key_type": "Service",
            "tags": {
              "environment": "dev",
              "owner": "your-name"
            },
            "timeouts": null
          },
          "sensitive_attributes": [
            [
              {
                "type": "get_attr",
                "value": "primary_access_key"
              }
            ],
            [
              {
                "type": "get_attr",
                "value": "primary_blob_connection_string"
              }
            ],
            [
              {
                "type": "get_attr",
                "value": "primary_connection_string"
              }
            ],
            [
              {
                "type": "get_attr",
                "value": "secondary_access_key"
              }
            ],
            [
              {
                "type": "get_attr",
                "value": "secondary_blob_connection_string"
              }
            ],
            [
              {
                "type": "get_attr",
                "value": "secondary_connection_string"
              }
            ]
          ],
          "identity_schema_version": 0,
          "private": "eyJlMmJmYjczMC1lY2FhLTExZTYtOGY4OC0zNDM2M2JjN2M0YzAiOnsiY3JlYXRlIjozNjAwMDAwMDAwMDAwLCJkZWxldGUiOjM2MDAwMDAwMDAwMDAsInJlYWQiOjMwMDAwMDAwMDAwMCwidXBkYXRlIjozNjAwMDAwMDAwMDAwfSwic2NoZW1hX3ZlcnNpb24iOiI0In0=",
          "dependencies": [
            "azurerm_resource_group.rg"
          ]
        }
      ]
    },
    {
      "mode": "managed",
      "type": "azurerm_subnet",
      "name": "backend",
      "provider": "provider[\"registry.terraform.io/hashicorp/azurerm\"]",
      "instances": [
        {
          "schema_version": 0,
          "attributes": {
            "address_prefixes": [
              "10.10.1.0/24"
            ],
            "delegation": [],
            "enforce_private_link_endpoint_network_policies": false,
            "enforce_private_link_service_network_policies": false,
            "id": "/subscriptions/5b9a55fa-56e0-4847-8260-39eaa4ff49ca/resourceGroups/rg-research/providers/Microsoft.Network/virtualNetworks/vnet-research/subnets/sn-backend",
            "name": "sn-backend",
            "private_endpoint_network_policies_enabled": true,
            "private_link_service_network_policies_enabled": true,
            "resource_group_name": "rg-research",
            "service_endpoint_policy_ids": [],
            "service_endpoints": [],
            "timeouts": null,
            "virtual_network_name": "vnet-research"
          },
          "sensitive_attributes": [],
          "identity_schema_version": 0,
          "private": "eyJlMmJmYjczMC1lY2FhLTExZTYtOGY4OC0zNDM2M2JjN2M0YzAiOnsiY3JlYXRlIjoxODAwMDAwMDAwMDAwLCJkZWxldGUiOjE4MDAwMDAwMDAwMDAsInJlYWQiOjMwMDAwMDAwMDAwMCwidXBkYXRlIjoxODAwMDAwMDAwMDAwfX0=",
          "dependencies": [
            "azurerm_resource_group.rg",
            "azurerm_virtual_network.vnet"
          ]
        }
      ]
    },
    {
      "mode": "managed",
      "type": "azurerm_subnet",
      "name": "hpc",
      "provider": "provider[\"registry.terraform.io/hashicorp/azurerm\"]",
      "instances": [
        {
          "schema_version": 0,
          "attributes": {
            "address_prefixes": [
              "10.10.3.0/24"
            ],
            "delegation": [],
            "enforce_private_link_endpoint_network_policies": false,
            "enforce_private_link_service_network_policies": false,
            "id": "/subscriptions/5b9a55fa-56e0-4847-8260-39eaa4ff49ca/resourceGroups/rg-research/providers/Microsoft.Network/virtualNetworks/vnet-research/subnets/sn-hpc",
            "name": "sn-hpc",
            "private_endpoint_network_policies_enabled": true,
            "private_link_service_network_policies_enabled": true,
            "resource_group_name": "rg-research",
            "service_endpoint_policy_ids": [],
            "service_endpoints": [],
            "timeouts": null,
            "virtual_network_name": "vnet-research"
          },
          "sensitive_attributes": [],
          "identity_schema_version": 0,
          "private": "eyJlMmJmYjczMC1lY2FhLTExZTYtOGY4OC0zNDM2M2JjN2M0YzAiOnsiY3JlYXRlIjoxODAwMDAwMDAwMDAwLCJkZWxldGUiOjE4MDAwMDAwMDAwMDAsInJlYWQiOjMwMDAwMDAwMDAwMCwidXBkYXRlIjoxODAwMDAwMDAwMDAwfX0=",
          "dependencies": [
            "azurerm_resource_group.rg",
            "azurerm_virtual_network.vnet"
          ]
        }
      ]
    },
    {
      "mode": "managed",
      "type": "azurerm_subnet",
      "name": "jumphost",
      "provider": "provider[\"registry.terraform.io/hashicorp/azurerm\"]",
      "instances": [
        {
          "schema_version": 0,
          "attributes": {
            "address_prefixes": [
              "10.10.2.0/24"
            ],
            "delegation": [],
            "enforce_private_link_endpoint_network_policies": false,
            "enforce_private_link_service_network_policies": false,
            "id": "/subscriptions/5b9a55fa-56e0-4847-8260-39eaa4ff49ca/resourceGroups/rg-research/providers/Microsoft.Network/virtualNetworks/vnet-research/subnets/sn-jumphost",
            "name": "sn-jumphost",
            "private_endpoint_network_policies_enabled": true,
            "private_link_service_network_policies_enabled": true,
            "resource_group_name": "rg-research",
            "service_endpoint_policy_ids": [],
            "service_endpoints": [],
            "timeouts": null,
            "virtual_network_name": "vnet-research"
          },
          "sensitive_attributes": [],
          "identity_schema_version": 0,
          "private": "eyJlMmJmYjczMC1lY2FhLTExZTYtOGY4OC0zNDM2M2JjN2M0YzAiOnsiY3JlYXRlIjoxODAwMDAwMDAwMDAwLCJkZWxldGUiOjE4MDAwMDAwMDAwMDAsInJlYWQiOjMwMDAwMDAwMDAwMCwidXBkYXRlIjoxODAwMDAwMDAwMDAwfX0=",
          "dependencies": [
            "azurerm_resource_group.rg",
            "azurerm_virtual_network.vnet"
          ]
        }
      ]
    },
    {
      "mode": "managed",
      "type": "azurerm_subnet_network_security_group_association",
      "name": "backend_assoc",
      "provider": "provider[\"registry.terraform.io/hashicorp/azurerm\"]",
      "instances": [
        {
          "schema_version": 0,
          "attributes": {
            "id": "/subscriptions/5b9a55fa-56e0-4847-8260-39eaa4ff49ca/resourceGroups/rg-research/providers/Microsoft.Network/virtualNetworks/vnet-research/subnets/sn-backend",
            "network_security_group_id": "/subscriptions/5b9a55fa-56e0-4847-8260-39eaa4ff49ca/resourceGroups/rg-research/providers/Microsoft.Network/networkSecurityGroups/nsg-backend",
            "subnet_id": "/subscriptions/5b9a55fa-56e0-4847-8260-39eaa4ff49ca/resourceGroups/rg-research/providers/Microsoft.Network/virtualNetworks/vnet-research/subnets/sn-backend",
            "timeouts": null
          },
          "sensitive_attributes": [],
          "identity_schema_version": 0,
          "private": "eyJlMmJmYjczMC1lY2FhLTExZTYtOGY4OC0zNDM2M2JjN2M0YzAiOnsiY3JlYXRlIjoxODAwMDAwMDAwMDAwLCJkZWxldGUiOjE4MDAwMDAwMDAwMDAsInJlYWQiOjMwMDAwMDAwMDAwMH19",
          "dependencies": [
            "azurerm_network_security_group.nsg_backend",
            "azurerm_resource_group.rg",
            "azurerm_subnet.backend",
            "azurerm_virtual_network.vnet"
          ]
        }
      ]
    },
    {
      "mode": "managed",
      "type": "azurerm_virtual_network",
      "name": "vnet",
      "provider": "provider[\"registry.terraform.io/hashicorp/azurerm\"]",
      "instances": [
        {
          "schema_version": 0,
          "attributes": {
            "address_space": [
              "10.10.0.0/20"
            ],
            "bgp_community": "",
            "ddos_protection_plan": [],
            "dns_servers": [],
            "edge_zone": "",
            "encryption": [],
            "flow_timeout_in_minutes": 0,
            "guid": "d3164779-42f7-46ad-b746-731de2db0f54",
            "id": "/subscriptions/5b9a55fa-56e0-4847-8260-39eaa4ff49ca/resourceGroups/rg-research/providers/Microsoft.Network/virtualNetworks/vnet-research",
            "location": "eastus",
            "name": "vnet-research",
            "resource_group_name": "rg-research",
            "subnet": [
              {
                "address_prefix": "10.10.1.0/24",
                "id": "/subscriptions/5b9a55fa-56e0-4847-8260-39eaa4ff49ca/resourceGroups/rg-research/providers/Microsoft.Network/virtualNetworks/vnet-research/subnets/sn-backend",
                "name": "sn-backend",
                "security_group": "/subscriptions/5b9a55fa-56e0-4847-8260-39eaa4ff49ca/resourceGroups/rg-research/providers/Microsoft.Network/networkSecurityGroups/nsg-backend"
              },
              {
                "address_prefix": "10.10.2.0/24",
                "id": "/subscriptions/5b9a55fa-56e0-4847-8260-39eaa4ff49ca/resourceGroups/rg-research/providers/Microsoft.Network/virtualNetworks/vnet-research/subnets/sn-jumphost",
                "name": "sn-jumphost",
                "security_group": ""
              },
              {
                "address_prefix": "10.10.3.0/24",
                "id": "/subscriptions/5b9a55fa-56e0-4847-8260-39eaa4ff49ca/resourceGroups/rg-research/providers/Microsoft.Network/virtualNetworks/vnet-research/subnets/sn-hpc",
                "name": "sn-hpc",
                "security_group": ""
              }
            ],
            "tags": {},
            "timeouts": null
          },
          "sensitive_attributes": [],
          "identity_schema_version": 0,
          "private": "eyJlMmJmYjczMC1lY2FhLTExZTYtOGY4OC0zNDM2M2JjN2M0YzAiOnsiY3JlYXRlIjoxODAwMDAwMDAwMDAwLCJkZWxldGUiOjE4MDAwMDAwMDAwMDAsInJlYWQiOjMwMDAwMDAwMDAwMCwidXBkYXRlIjoxODAwMDAwMDAwMDAwfX0=",
          "dependencies": [
            "azurerm_resource_group.rg"
          ]
        }
      ]
    }
  ],
  "check_results": null
}
